
Microsoft Visual Studio Solution File, Format Version 12.00
# Visual Studio Version 16
VisualStudioVersion = 16.0.31702.278
MinimumVisualStudioVersion = 10.0.40219.1
Project("{FAE04EC0-301F-11D3-BF4B-00C04F79EFBC}") = "FGIMT", "FGIMT\FGIMT.csproj", "{19C6B1F2-33D5-456F-ADEC-FD53248AA8FA}"
EndProject
Global
	GlobalSection(SolutionConfigurationPlatforms) = preSolution
		Debug|Any CPU = Debug|Any CPU
		Release|Any CPU = Release|Any CPU
	EndGlobalSection
	GlobalSection(ProjectConfigurationPlatforms) = postSolution
		{19C6B1F2-33D5-456F-ADEC-FD53248AA8FA}.Debug|Any CPU.ActiveCfg = Debug|Any CPU
		{19C6B1F2-33D5-456F-ADEC-FD53248AA8FA}.Debug|Any CPU.Build.0 = Debug|Any CPU
		{19C6B1F2-33D5-456F-ADEC-FD53248AA8FA}.Release|Any CPU.ActiveCfg = Release|Any CPU
		{19C6B1F2-33D5-456F-ADEC-FD53248AA8FA}.Release|Any CPU.Build.0 = Release|Any CPU
	EndGlobalSection
	GlobalSection(SolutionProperties) = preSolution
		HideSolutionNode = FALSE
	EndGlobalSection
	GlobalSection(ExtensibilityGlobals) = postSolution
		SolutionGuid = {DD5EE1D6-DF0F-403F-A926-00B03A343F76}
	EndGlobalSection
EndGlobal
